
Microsoft Visual Studio Solution File, Format Version 12.00
# Visual Studio 15
VisualStudioVersion = 15.0.27130.2003
MinimumVisualStudioVersion = 10.0.40219.1
Project("{FAE04EC0-301F-11D3-BF4B-00C04F79EFBC}") = "Decos.Fixi", "Decos.Fixi\Decos.Fixi.csproj", "{A9C0CF4A-5CAD-497B-928C-F92BE5623CB5}"
EndProject
Project("{D954291E-2A0B-460D-934E-DC6B0785DB48}") = "Models", "Models\Models.shproj", "{D95BA5CC-8355-48F4-900A-E41748DE8141}"
EndProject
Global
	GlobalSection(SharedMSBuildProjectFiles) = preSolution
		Models\Models.projitems*{a9c0cf4a-5cad-497b-928c-f92be5623cb5}*SharedItemsImports = 4
		Models\Models.projitems*{d95ba5cc-8355-48f4-900a-e41748de8141}*SharedItemsImports = 13
	EndGlobalSection
	GlobalSection(SolutionConfigurationPlatforms) = preSolution
		Debug|Any CPU = Debug|Any CPU
		Release|Any CPU = Release|Any CPU
	EndGlobalSection
	GlobalSection(ProjectConfigurationPlatforms) = postSolution
		{A9C0CF4A-5CAD-497B-928C-F92BE5623CB5}.Debug|Any CPU.ActiveCfg = Debug|Any CPU
		{A9C0CF4A-5CAD-497B-928C-F92BE5623CB5}.Debug|Any CPU.Build.0 = Debug|Any CPU
		{A9C0CF4A-5CAD-497B-928C-F92BE5623CB5}.Release|Any CPU.ActiveCfg = Release|Any CPU
		{A9C0CF4A-5CAD-497B-928C-F92BE5623CB5}.Release|Any CPU.Build.0 = Release|Any CPU
	EndGlobalSection
	GlobalSection(SolutionProperties) = preSolution
		HideSolutionNode = FALSE
	EndGlobalSection
	GlobalSection(ExtensibilityGlobals) = postSolution
		SolutionGuid = {C4B9471B-6395-4A67-88CB-44F7F2BEBCFE}
	EndGlobalSection
EndGlobal
